
Microsoft Visual Studio Solution File, Format Version 12.00
# Visual Studio Version 17
VisualStudioVersion = 17.8.34511.84
MinimumVisualStudioVersion = 10.0.40219.1
Project("{FAE04EC0-301F-11D3-BF4B-00C04F79EFBC}") = "PUSL2019_Information_Management_and_Retrieval-", "PUSL2019_Information_Management_and_Retrieval-.csproj", "{35921B06-1FAC-48FA-98C0-7C85A3A3C898}"
EndProject
Global
	GlobalSection(SolutionConfigurationPlatforms) = preSolution
		Debug|Any CPU = Debug|Any CPU
		Release|Any CPU = Release|Any CPU
	EndGlobalSection
	GlobalSection(ProjectConfigurationPlatforms) = postSolution
		{35921B06-1FAC-48FA-98C0-7C85A3A3C898}.Debug|Any CPU.ActiveCfg = Debug|Any CPU
		{35921B06-1FAC-48FA-98C0-7C85A3A3C898}.Debug|Any CPU.Build.0 = Debug|Any CPU
		{35921B06-1FAC-48FA-98C0-7C85A3A3C898}.Release|Any CPU.ActiveCfg = Release|Any CPU
		{35921B06-1FAC-48FA-98C0-7C85A3A3C898}.Release|Any CPU.Build.0 = Release|Any CPU
	EndGlobalSection
	GlobalSection(SolutionProperties) = preSolution
		HideSolutionNode = FALSE
	EndGlobalSection
	GlobalSection(ExtensibilityGlobals) = postSolution
		SolutionGuid = {1D1ED07C-503A-4A51-A23D-B179444227B8}
	EndGlobalSection
EndGlobal
